
Microsoft Visual Studio Solution File, Format Version 12.00
# Visual Studio Version 16
VisualStudioVersion = 16.0.30523.141
MinimumVisualStudioVersion = 10.0.40219.1
Project("{FAE04EC0-301F-11D3-BF4B-00C04F79EFBC}") = "ShuntCalculator", "ShuntCalculator\ShuntCalculator.csproj", "{91D3DC06-E7E4-47AB-9897-85AEEDDDFF72}"
EndProject
Global
	GlobalSection(SolutionConfigurationPlatforms) = preSolution
		Debug|Any CPU = Debug|Any CPU
		Release|Any CPU = Release|Any CPU
	EndGlobalSection
	GlobalSection(ProjectConfigurationPlatforms) = postSolution
		{91D3DC06-E7E4-47AB-9897-85AEEDDDFF72}.Debug|Any CPU.ActiveCfg = Debug|Any CPU
		{91D3DC06-E7E4-47AB-9897-85AEEDDDFF72}.Debug|Any CPU.Build.0 = Debug|Any CPU
		{91D3DC06-E7E4-47AB-9897-85AEEDDDFF72}.Release|Any CPU.ActiveCfg = Release|Any CPU
		{91D3DC06-E7E4-47AB-9897-85AEEDDDFF72}.Release|Any CPU.Build.0 = Release|Any CPU
	EndGlobalSection
	GlobalSection(SolutionProperties) = preSolution
		HideSolutionNode = FALSE
	EndGlobalSection
	GlobalSection(ExtensibilityGlobals) = postSolution
		SolutionGuid = {FD5D1169-0BFB-4135-9794-74E34971CFDF}
	EndGlobalSection
EndGlobal
